<?xml version="1.0" encoding="utf-8"?>
<Project ToolsVersion="4.0" xmlns="http://schemas.microsoft.com/developer/msbuild/2003">
  <ItemGroup>
    <Filter Include="Source Files">
      <UniqueIdentifier>{4FC737F1-C7A5-4376-A066-2A32D752A2FF}</UniqueIdentifier>
      <Extensions>cpp;c;cc;cxx;def;odl;idl;hpj;bat;asm;asmx</Extensions>
    </Filter>
    <Filter Include="Source Files\Lgi">
      <UniqueIdentifier>{030477b9-1b98-444e-96f1-71ab142b62a9}</UniqueIdentifier>
    </Filter>
    <Filter Include="Source Files\Scripting">
      <UniqueIdentifier>{5636adf2-984b-46a0-8461-80ca73095b95}</UniqueIdentifier>
    </Filter>
    <Filter Include="Header Files">
      <UniqueIdentifier>{93995380-89BD-4b04-88EB-625FBE52EBFB}</UniqueIdentifier>
      <Extensions>h;hpp;hxx;hm;inl;inc;xsd</Extensions>
    </Filter>
    <Filter Include="Resource Files">
      <UniqueIdentifier>{67DA6AB6-F800-4c08-8B7A-83BB121AAD01}</UniqueIdentifier>
      <Extensions>rc;ico;cur;bmp;dlg;rc2;rct;bin;rgs;gif;jpg;jpeg;jpe;resx;tiff;tif;png;wav</Extensions>
    </Filter>
  </ItemGroup>
  <ItemGroup>
    <ClCompile Include="Code\Diff.cpp">
      <Filter>Source Files</Filter>
    </ClCompile>
    <ClCompile Include="Code\iHex.cpp">
      <Filter>Source Files</Filter>
    </ClCompile>
    <ClCompile Include="Code\SearchDlg.cpp">
      <Filter>Source Files</Filter>
    </ClCompile>
    <ClCompile Include="Code\Visualiser.cpp">
      <Filter>Source Files</Filter>
    </ClCompile>
    <ClCompile Include="..\..\Lgi\trunk\src\common\Lgi\GAbout.cpp">
      <Filter>Source Files\Lgi</Filter>
    </ClCompile>
    <ClCompile Include="..\..\Lgi\trunk\src\common\Lgi\GDocApp.cpp">
      <Filter>Source Files\Lgi</Filter>
    </ClCompile>
    <ClCompile Include="..\..\Lgi\trunk\src\common\Gdc2\Filters\Gif.cpp">
      <Filter>Source Files\Lgi</Filter>
    </ClCompile>
    <ClCompile Include="..\..\Lgi\trunk\src\common\Lgi\LgiMain.cpp">
      <Filter>Source Files\Lgi</Filter>
    </ClCompile>
    <ClCompile Include="..\..\Lgi\trunk\src\common\Gdc2\Filters\Lzw.cpp">
      <Filter>Source Files\Lgi</Filter>
    </ClCompile>
    <ClCompile Include="..\..\Lgi\trunk\src\common\Coding\GLexCpp.cpp">
      <Filter>Source Files\Scripting</Filter>
    </ClCompile>
    <ClCompile Include="..\..\Lgi\trunk\src\common\Coding\GScriptCompiler.cpp">
      <Filter>Source Files\Scripting</Filter>
    </ClCompile>
    <ClCompile Include="..\..\Lgi\trunk\src\common\Coding\GScriptLibrary.cpp">
      <Filter>Source Files\Scripting</Filter>
    </ClCompile>
    <ClCompile Include="..\..\Lgi\trunk\src\common\Coding\GScriptVM.cpp">
      <Filter>Source Files\Scripting</Filter>
    </ClCompile>
  </ItemGroup>
  <ItemGroup>
    <ClInclude Include="Code\iHex.h">
      <Filter>Source Files</Filter>
    </ClInclude>
    <ClInclude Include="..\..\Lgi\trunk\include\common\GLexCpp.h">
      <Filter>Source Files\Scripting</Filter>
    </ClInclude>
    <ClInclude Include="..\..\Lgi\trunk\include\common\GScripting.h">
      <Filter>Source Files\Scripting</Filter>
    </ClInclude>
    <ClInclude Include="..\..\Lgi\trunk\src\common\Coding\GScriptingPriv.h">
      <Filter>Source Files\Scripting</Filter>
    </ClInclude>
  </ItemGroup>
  <ItemGroup>
    <Manifest Include="Code\iHex.manifest">
      <Filter>Resource Files</Filter>
    </Manifest>
  </ItemGroup>
  <ItemGroup>
    <ResourceCompile Include="Code\Script1.rc">
      <Filter>Resource Files</Filter>
    </ResourceCompile>
  </ItemGroup>
  <ItemGroup>
    <MASM Include="..\..\Lgi\trunk\src\common\Coding\ExternCall.asm">
      <Filter>Source Files\Scripting</Filter>
    </MASM>
  </ItemGroup>
</Project>